
Microsoft Visual Studio Solution File, Format Version 12.00
# Visual Studio 14
VisualStudioVersion = 14.0.25420.1
MinimumVisualStudioVersion = 10.0.40219.1
Project("{B1E792BE-AA5F-4E3C-8C82-674BF9C0715B}") = "IPC_Robotino", "IPC_Robotino\IPC_Robotino.tsproj", "{65F7B117-B92E-4F3E-9321-4DD532767F50}"
EndProject
Global
	GlobalSection(SolutionConfigurationPlatforms) = preSolution
		Debug|TwinCAT CE7 (ARMV7) = Debug|TwinCAT CE7 (ARMV7)
		Debug|TwinCAT OS (ARMT2) = Debug|TwinCAT OS (ARMT2)
		Debug|TwinCAT RT (x64) = Debug|TwinCAT RT (x64)
		Debug|TwinCAT RT (x86) = Debug|TwinCAT RT (x86)
		Debug|TwinCAT UM (x64) = Debug|TwinCAT UM (x64)
		Debug|TwinCAT UM (x86) = Debug|TwinCAT UM (x86)
		Release|TwinCAT CE7 (ARMV7) = Release|TwinCAT CE7 (ARMV7)
		Release|TwinCAT OS (ARMT2) = Release|TwinCAT OS (ARMT2)
		Release|TwinCAT RT (x64) = Release|TwinCAT RT (x64)
		Release|TwinCAT RT (x86) = Release|TwinCAT RT (x86)
		Release|TwinCAT UM (x64) = Release|TwinCAT UM (x64)
		Release|TwinCAT UM (x86) = Release|TwinCAT UM (x86)
	EndGlobalSection
	GlobalSection(ProjectConfigurationPlatforms) = postSolution
		{65F7B117-B92E-4F3E-9321-4DD532767F50}.Debug|TwinCAT CE7 (ARMV7).ActiveCfg = Debug|TwinCAT CE7 (ARMV7)
		{65F7B117-B92E-4F3E-9321-4DD532767F50}.Debug|TwinCAT CE7 (ARMV7).Build.0 = Debug|TwinCAT CE7 (ARMV7)
		{65F7B117-B92E-4F3E-9321-4DD532767F50}.Debug|TwinCAT OS (ARMT2).ActiveCfg = Debug|TwinCAT OS (ARMT2)
		{65F7B117-B92E-4F3E-9321-4DD532767F50}.Debug|TwinCAT OS (ARMT2).Build.0 = Debug|TwinCAT OS (ARMT2)
		{65F7B117-B92E-4F3E-9321-4DD532767F50}.Debug|TwinCAT RT (x64).ActiveCfg = Debug|TwinCAT RT (x64)
		{65F7B117-B92E-4F3E-9321-4DD532767F50}.Debug|TwinCAT RT (x64).Build.0 = Debug|TwinCAT RT (x64)
		{65F7B117-B92E-4F3E-9321-4DD532767F50}.Debug|TwinCAT RT (x86).ActiveCfg = Debug|TwinCAT RT (x86)
		{65F7B117-B92E-4F3E-9321-4DD532767F50}.Debug|TwinCAT RT (x86).Build.0 = Debug|TwinCAT RT (x86)
		{65F7B117-B92E-4F3E-9321-4DD532767F50}.Debug|TwinCAT UM (x64).ActiveCfg = Debug|TwinCAT RT (x86)
		{65F7B117-B92E-4F3E-9321-4DD532767F50}.Debug|TwinCAT UM (x86).ActiveCfg = Debug|TwinCAT RT (x86)
		{65F7B117-B92E-4F3E-9321-4DD532767F50}.Release|TwinCAT CE7 (ARMV7).ActiveCfg = Release|TwinCAT CE7 (ARMV7)
		{65F7B117-B92E-4F3E-9321-4DD532767F50}.Release|TwinCAT CE7 (ARMV7).Build.0 = Release|TwinCAT CE7 (ARMV7)
		{65F7B117-B92E-4F3E-9321-4DD532767F50}.Release|TwinCAT OS (ARMT2).ActiveCfg = Release|TwinCAT OS (ARMT2)
		{65F7B117-B92E-4F3E-9321-4DD532767F50}.Release|TwinCAT OS (ARMT2).Build.0 = Release|TwinCAT OS (ARMT2)
		{65F7B117-B92E-4F3E-9321-4DD532767F50}.Release|TwinCAT RT (x64).ActiveCfg = Release|TwinCAT RT (x64)
		{65F7B117-B92E-4F3E-9321-4DD532767F50}.Release|TwinCAT RT (x64).Build.0 = Release|TwinCAT RT (x64)
		{65F7B117-B92E-4F3E-9321-4DD532767F50}.Release|TwinCAT RT (x86).ActiveCfg = Release|TwinCAT RT (x86)
		{65F7B117-B92E-4F3E-9321-4DD532767F50}.Release|TwinCAT RT (x86).Build.0 = Release|TwinCAT RT (x86)
		{65F7B117-B92E-4F3E-9321-4DD532767F50}.Release|TwinCAT UM (x64).ActiveCfg = Release|TwinCAT RT (x86)
		{65F7B117-B92E-4F3E-9321-4DD532767F50}.Release|TwinCAT UM (x86).ActiveCfg = Release|TwinCAT RT (x86)
		{EDF96198-A311-4E10-8422-499B072DBE31}.Debug|TwinCAT CE7 (ARMV7).ActiveCfg = Debug|TwinCAT CE7 (ARMV7)
		{EDF96198-A311-4E10-8422-499B072DBE31}.Debug|TwinCAT CE7 (ARMV7).Build.0 = Debug|TwinCAT CE7 (ARMV7)
		{EDF96198-A311-4E10-8422-499B072DBE31}.Debug|TwinCAT OS (ARMT2).ActiveCfg = Debug|TwinCAT OS (ARMT2)
		{EDF96198-A311-4E10-8422-499B072DBE31}.Debug|TwinCAT OS (ARMT2).Build.0 = Debug|TwinCAT OS (ARMT2)
		{EDF96198-A311-4E10-8422-499B072DBE31}.Debug|TwinCAT RT (x64).ActiveCfg = Debug|TwinCAT RT (x64)
		{EDF96198-A311-4E10-8422-499B072DBE31}.Debug|TwinCAT RT (x64).Build.0 = Debug|TwinCAT RT (x64)
		{EDF96198-A311-4E10-8422-499B072DBE31}.Debug|TwinCAT RT (x86).ActiveCfg = Debug|TwinCAT RT (x86)
		{EDF96198-A311-4E10-8422-499B072DBE31}.Debug|TwinCAT RT (x86).Build.0 = Debug|TwinCAT RT (x86)
		{EDF96198-A311-4E10-8422-499B072DBE31}.Debug|TwinCAT UM (x64).ActiveCfg = Debug|TwinCAT RT (x86)
		{EDF96198-A311-4E10-8422-499B072DBE31}.Debug|TwinCAT UM (x86).ActiveCfg = Debug|TwinCAT RT (x86)
		{EDF96198-A311-4E10-8422-499B072DBE31}.Release|TwinCAT CE7 (ARMV7).ActiveCfg = Release|TwinCAT CE7 (ARMV7)
		{EDF96198-A311-4E10-8422-499B072DBE31}.Release|TwinCAT CE7 (ARMV7).Build.0 = Release|TwinCAT CE7 (ARMV7)
		{EDF96198-A311-4E10-8422-499B072DBE31}.Release|TwinCAT OS (ARMT2).ActiveCfg = Release|TwinCAT OS (ARMT2)
		{EDF96198-A311-4E10-8422-499B072DBE31}.Release|TwinCAT OS (ARMT2).Build.0 = Release|TwinCAT OS (ARMT2)
		{EDF96198-A311-4E10-8422-499B072DBE31}.Release|TwinCAT RT (x64).ActiveCfg = Release|TwinCAT RT (x64)
		{EDF96198-A311-4E10-8422-499B072DBE31}.Release|TwinCAT RT (x64).Build.0 = Release|TwinCAT RT (x64)
		{EDF96198-A311-4E10-8422-499B072DBE31}.Release|TwinCAT RT (x86).ActiveCfg = Release|TwinCAT RT (x86)
		{EDF96198-A311-4E10-8422-499B072DBE31}.Release|TwinCAT RT (x86).Build.0 = Release|TwinCAT RT (x86)
		{EDF96198-A311-4E10-8422-499B072DBE31}.Release|TwinCAT UM (x64).ActiveCfg = Release|TwinCAT RT (x86)
		{EDF96198-A311-4E10-8422-499B072DBE31}.Release|TwinCAT UM (x86).ActiveCfg = Release|TwinCAT RT (x86)
		{CEB71B1F-3C29-4303-A908-DF5C59A0A919}.Debug|TwinCAT CE7 (ARMV7).ActiveCfg = Debug|TwinCAT RT (x64)
		{CEB71B1F-3C29-4303-A908-DF5C59A0A919}.Debug|TwinCAT OS (ARMT2).ActiveCfg = Debug|TwinCAT RT (x64)
		{CEB71B1F-3C29-4303-A908-DF5C59A0A919}.Debug|TwinCAT RT (x64).ActiveCfg = Debug|TwinCAT RT (x64)
		{CEB71B1F-3C29-4303-A908-DF5C59A0A919}.Debug|TwinCAT RT (x64).Build.0 = Debug|TwinCAT RT (x64)
		{CEB71B1F-3C29-4303-A908-DF5C59A0A919}.Debug|TwinCAT RT (x86).ActiveCfg = Debug|TwinCAT RT (x86)
		{CEB71B1F-3C29-4303-A908-DF5C59A0A919}.Debug|TwinCAT RT (x86).Build.0 = Debug|TwinCAT RT (x86)
		{CEB71B1F-3C29-4303-A908-DF5C59A0A919}.Debug|TwinCAT UM (x64).ActiveCfg = Debug|TwinCAT UM (x64)
		{CEB71B1F-3C29-4303-A908-DF5C59A0A919}.Debug|TwinCAT UM (x64).Build.0 = Debug|TwinCAT UM (x64)
		{CEB71B1F-3C29-4303-A908-DF5C59A0A919}.Debug|TwinCAT UM (x86).ActiveCfg = Debug|TwinCAT UM (x86)
		{CEB71B1F-3C29-4303-A908-DF5C59A0A919}.Debug|TwinCAT UM (x86).Build.0 = Debug|TwinCAT UM (x86)
		{CEB71B1F-3C29-4303-A908-DF5C59A0A919}.Release|TwinCAT CE7 (ARMV7).ActiveCfg = Release|TwinCAT RT (x64)
		{CEB71B1F-3C29-4303-A908-DF5C59A0A919}.Release|TwinCAT OS (ARMT2).ActiveCfg = Release|TwinCAT RT (x64)
		{CEB71B1F-3C29-4303-A908-DF5C59A0A919}.Release|TwinCAT RT (x64).ActiveCfg = Release|TwinCAT RT (x64)
		{CEB71B1F-3C29-4303-A908-DF5C59A0A919}.Release|TwinCAT RT (x64).Build.0 = Release|TwinCAT RT (x64)
		{CEB71B1F-3C29-4303-A908-DF5C59A0A919}.Release|TwinCAT RT (x86).ActiveCfg = Release|TwinCAT RT (x86)
		{CEB71B1F-3C29-4303-A908-DF5C59A0A919}.Release|TwinCAT RT (x86).Build.0 = Release|TwinCAT RT (x86)
		{CEB71B1F-3C29-4303-A908-DF5C59A0A919}.Release|TwinCAT UM (x64).ActiveCfg = Release|TwinCAT UM (x64)
		{CEB71B1F-3C29-4303-A908-DF5C59A0A919}.Release|TwinCAT UM (x64).Build.0 = Release|TwinCAT UM (x64)
		{CEB71B1F-3C29-4303-A908-DF5C59A0A919}.Release|TwinCAT UM (x86).ActiveCfg = Release|TwinCAT UM (x86)
		{CEB71B1F-3C29-4303-A908-DF5C59A0A919}.Release|TwinCAT UM (x86).Build.0 = Release|TwinCAT UM (x86)
		{50308A4C-9FB3-48E8-A0AB-291FECDB0D82}.Debug|TwinCAT CE7 (ARMV7).ActiveCfg = Debug|TwinCAT RT (x64)
		{50308A4C-9FB3-48E8-A0AB-291FECDB0D82}.Debug|TwinCAT OS (ARMT2).ActiveCfg = Debug|TwinCAT RT (x64)
		{50308A4C-9FB3-48E8-A0AB-291FECDB0D82}.Debug|TwinCAT RT (x64).ActiveCfg = Debug|TwinCAT RT (x64)
		{50308A4C-9FB3-48E8-A0AB-291FECDB0D82}.Debug|TwinCAT RT (x64).Build.0 = Debug|TwinCAT RT (x64)
		{50308A4C-9FB3-48E8-A0AB-291FECDB0D82}.Debug|TwinCAT RT (x86).ActiveCfg = Debug|TwinCAT RT (x86)
		{50308A4C-9FB3-48E8-A0AB-291FECDB0D82}.Debug|TwinCAT RT (x86).Build.0 = Debug|TwinCAT RT (x86)
		{50308A4C-9FB3-48E8-A0AB-291FECDB0D82}.Debug|TwinCAT UM (x64).ActiveCfg = Debug|TwinCAT UM (x64)
		{50308A4C-9FB3-48E8-A0AB-291FECDB0D82}.Debug|TwinCAT UM (x64).Build.0 = Debug|TwinCAT UM (x64)
		{50308A4C-9FB3-48E8-A0AB-291FECDB0D82}.Debug|TwinCAT UM (x86).ActiveCfg = Debug|TwinCAT UM (x86)
		{50308A4C-9FB3-48E8-A0AB-291FECDB0D82}.Debug|TwinCAT UM (x86).Build.0 = Debug|TwinCAT UM (x86)
		{50308A4C-9FB3-48E8-A0AB-291FECDB0D82}.Release|TwinCAT CE7 (ARMV7).ActiveCfg = Release|TwinCAT RT (x64)
		{50308A4C-9FB3-48E8-A0AB-291FECDB0D82}.Release|TwinCAT OS (ARMT2).ActiveCfg = Release|TwinCAT RT (x64)
		{50308A4C-9FB3-48E8-A0AB-291FECDB0D82}.Release|TwinCAT RT (x64).ActiveCfg = Release|TwinCAT RT (x64)
		{50308A4C-9FB3-48E8-A0AB-291FECDB0D82}.Release|TwinCAT RT (x64).Build.0 = Release|TwinCAT RT (x64)
		{50308A4C-9FB3-48E8-A0AB-291FECDB0D82}.Release|TwinCAT RT (x86).ActiveCfg = Release|TwinCAT RT (x86)
		{50308A4C-9FB3-48E8-A0AB-291FECDB0D82}.Release|TwinCAT RT (x86).Build.0 = Release|TwinCAT RT (x86)
		{50308A4C-9FB3-48E8-A0AB-291FECDB0D82}.Release|TwinCAT UM (x64).ActiveCfg = Release|TwinCAT UM (x64)
		{50308A4C-9FB3-48E8-A0AB-291FECDB0D82}.Release|TwinCAT UM (x64).Build.0 = Release|TwinCAT UM (x64)
		{50308A4C-9FB3-48E8-A0AB-291FECDB0D82}.Release|TwinCAT UM (x86).ActiveCfg = Release|TwinCAT UM (x86)
		{50308A4C-9FB3-48E8-A0AB-291FECDB0D82}.Release|TwinCAT UM (x86).Build.0 = Release|TwinCAT UM (x86)
		{07A0B356-4A80-4A52-8191-BE2577F1E050}.Debug|TwinCAT CE7 (ARMV7).ActiveCfg = Debug|TwinCAT CE7 (ARMV7)
		{07A0B356-4A80-4A52-8191-BE2577F1E050}.Debug|TwinCAT CE7 (ARMV7).Build.0 = Debug|TwinCAT CE7 (ARMV7)
		{07A0B356-4A80-4A52-8191-BE2577F1E050}.Debug|TwinCAT OS (ARMT2).ActiveCfg = Debug|TwinCAT OS (ARMT2)
		{07A0B356-4A80-4A52-8191-BE2577F1E050}.Debug|TwinCAT OS (ARMT2).Build.0 = Debug|TwinCAT OS (ARMT2)
		{07A0B356-4A80-4A52-8191-BE2577F1E050}.Debug|TwinCAT RT (x64).ActiveCfg = Debug|TwinCAT RT (x64)
		{07A0B356-4A80-4A52-8191-BE2577F1E050}.Debug|TwinCAT RT (x64).Build.0 = Debug|TwinCAT RT (x64)
		{07A0B356-4A80-4A52-8191-BE2577F1E050}.Debug|TwinCAT RT (x86).ActiveCfg = Debug|TwinCAT RT (x86)
		{07A0B356-4A80-4A52-8191-BE2577F1E050}.Debug|TwinCAT RT (x86).Build.0 = Debug|TwinCAT RT (x86)
		{07A0B356-4A80-4A52-8191-BE2577F1E050}.Debug|TwinCAT UM (x64).ActiveCfg = Debug|TwinCAT RT (x86)
		{07A0B356-4A80-4A52-8191-BE2577F1E050}.Debug|TwinCAT UM (x86).ActiveCfg = Debug|TwinCAT RT (x86)
		{07A0B356-4A80-4A52-8191-BE2577F1E050}.Release|TwinCAT CE7 (ARMV7).ActiveCfg = Release|TwinCAT CE7 (ARMV7)
		{07A0B356-4A80-4A52-8191-BE2577F1E050}.Release|TwinCAT CE7 (ARMV7).Build.0 = Release|TwinCAT CE7 (ARMV7)
		{07A0B356-4A80-4A52-8191-BE2577F1E050}.Release|TwinCAT OS (ARMT2).ActiveCfg = Release|TwinCAT OS (ARMT2)
		{07A0B356-4A80-4A52-8191-BE2577F1E050}.Release|TwinCAT OS (ARMT2).Build.0 = Release|TwinCAT OS (ARMT2)
		{07A0B356-4A80-4A52-8191-BE2577F1E050}.Release|TwinCAT RT (x64).ActiveCfg = Release|TwinCAT RT (x64)
		{07A0B356-4A80-4A52-8191-BE2577F1E050}.Release|TwinCAT RT (x64).Build.0 = Release|TwinCAT RT (x64)
		{07A0B356-4A80-4A52-8191-BE2577F1E050}.Release|TwinCAT RT (x86).ActiveCfg = Release|TwinCAT RT (x86)
		{07A0B356-4A80-4A52-8191-BE2577F1E050}.Release|TwinCAT RT (x86).Build.0 = Release|TwinCAT RT (x86)
		{07A0B356-4A80-4A52-8191-BE2577F1E050}.Release|TwinCAT UM (x64).ActiveCfg = Release|TwinCAT RT (x86)
		{07A0B356-4A80-4A52-8191-BE2577F1E050}.Release|TwinCAT UM (x86).ActiveCfg = Release|TwinCAT RT (x86)
		{B9CAB172-0192-4A6F-AAED-164C138EF13A}.Debug|TwinCAT CE7 (ARMV7).ActiveCfg = Debug|TwinCAT RT (x64)
		{B9CAB172-0192-4A6F-AAED-164C138EF13A}.Debug|TwinCAT OS (ARMT2).ActiveCfg = Debug|TwinCAT RT (x64)
		{B9CAB172-0192-4A6F-AAED-164C138EF13A}.Debug|TwinCAT RT (x64).ActiveCfg = Debug|TwinCAT RT (x64)
		{B9CAB172-0192-4A6F-AAED-164C138EF13A}.Debug|TwinCAT RT (x64).Build.0 = Debug|TwinCAT RT (x64)
		{B9CAB172-0192-4A6F-AAED-164C138EF13A}.Debug|TwinCAT RT (x86).ActiveCfg = Debug|TwinCAT RT (x86)
		{B9CAB172-0192-4A6F-AAED-164C138EF13A}.Debug|TwinCAT RT (x86).Build.0 = Debug|TwinCAT RT (x86)
		{B9CAB172-0192-4A6F-AAED-164C138EF13A}.Debug|TwinCAT UM (x64).ActiveCfg = Debug|TwinCAT UM (x64)
		{B9CAB172-0192-4A6F-AAED-164C138EF13A}.Debug|TwinCAT UM (x64).Build.0 = Debug|TwinCAT UM (x64)
		{B9CAB172-0192-4A6F-AAED-164C138EF13A}.Debug|TwinCAT UM (x86).ActiveCfg = Debug|TwinCAT UM (x86)
		{B9CAB172-0192-4A6F-AAED-164C138EF13A}.Debug|TwinCAT UM (x86).Build.0 = Debug|TwinCAT UM (x86)
		{B9CAB172-0192-4A6F-AAED-164C138EF13A}.Release|TwinCAT CE7 (ARMV7).ActiveCfg = Release|TwinCAT RT (x64)
		{B9CAB172-0192-4A6F-AAED-164C138EF13A}.Release|TwinCAT OS (ARMT2).ActiveCfg = Release|TwinCAT RT (x64)
		{B9CAB172-0192-4A6F-AAED-164C138EF13A}.Release|TwinCAT RT (x64).ActiveCfg = Release|TwinCAT RT (x64)
		{B9CAB172-0192-4A6F-AAED-164C138EF13A}.Release|TwinCAT RT (x64).Build.0 = Release|TwinCAT RT (x64)
		{B9CAB172-0192-4A6F-AAED-164C138EF13A}.Release|TwinCAT RT (x86).ActiveCfg = Release|TwinCAT RT (x86)
		{B9CAB172-0192-4A6F-AAED-164C138EF13A}.Release|TwinCAT RT (x86).Build.0 = Release|TwinCAT RT (x86)
		{B9CAB172-0192-4A6F-AAED-164C138EF13A}.Release|TwinCAT UM (x64).ActiveCfg = Release|TwinCAT UM (x64)
		{B9CAB172-0192-4A6F-AAED-164C138EF13A}.Release|TwinCAT UM (x64).Build.0 = Release|TwinCAT UM (x64)
		{B9CAB172-0192-4A6F-AAED-164C138EF13A}.Release|TwinCAT UM (x86).ActiveCfg = Release|TwinCAT UM (x86)
		{B9CAB172-0192-4A6F-AAED-164C138EF13A}.Release|TwinCAT UM (x86).Build.0 = Release|TwinCAT UM (x86)
		{95533C61-2616-46BE-92F7-38CC80CE9359}.Debug|TwinCAT CE7 (ARMV7).ActiveCfg = Debug|TwinCAT CE7 (ARMV7)
		{95533C61-2616-46BE-92F7-38CC80CE9359}.Debug|TwinCAT CE7 (ARMV7).Build.0 = Debug|TwinCAT CE7 (ARMV7)
		{95533C61-2616-46BE-92F7-38CC80CE9359}.Debug|TwinCAT OS (ARMT2).ActiveCfg = Debug|TwinCAT OS (ARMT2)
		{95533C61-2616-46BE-92F7-38CC80CE9359}.Debug|TwinCAT OS (ARMT2).Build.0 = Debug|TwinCAT OS (ARMT2)
		{95533C61-2616-46BE-92F7-38CC80CE9359}.Debug|TwinCAT RT (x64).ActiveCfg = Debug|TwinCAT RT (x64)
		{95533C61-2616-46BE-92F7-38CC80CE9359}.Debug|TwinCAT RT (x64).Build.0 = Debug|TwinCAT RT (x64)
		{95533C61-2616-46BE-92F7-38CC80CE9359}.Debug|TwinCAT RT (x86).ActiveCfg = Debug|TwinCAT RT (x86)
		{95533C61-2616-46BE-92F7-38CC80CE9359}.Debug|TwinCAT RT (x86).Build.0 = Debug|TwinCAT RT (x86)
		{95533C61-2616-46BE-92F7-38CC80CE9359}.Debug|TwinCAT UM (x64).ActiveCfg = Debug|TwinCAT OS (ARMT2)
		{95533C61-2616-46BE-92F7-38CC80CE9359}.Debug|TwinCAT UM (x86).ActiveCfg = Debug|TwinCAT OS (ARMT2)
		{95533C61-2616-46BE-92F7-38CC80CE9359}.Release|TwinCAT CE7 (ARMV7).ActiveCfg = Release|TwinCAT CE7 (ARMV7)
		{95533C61-2616-46BE-92F7-38CC80CE9359}.Release|TwinCAT CE7 (ARMV7).Build.0 = Release|TwinCAT CE7 (ARMV7)
		{95533C61-2616-46BE-92F7-38CC80CE9359}.Release|TwinCAT OS (ARMT2).ActiveCfg = Release|TwinCAT OS (ARMT2)
		{95533C61-2616-46BE-92F7-38CC80CE9359}.Release|TwinCAT OS (ARMT2).Build.0 = Release|TwinCAT OS (ARMT2)
		{95533C61-2616-46BE-92F7-38CC80CE9359}.Release|TwinCAT RT (x64).ActiveCfg = Release|TwinCAT RT (x64)
		{95533C61-2616-46BE-92F7-38CC80CE9359}.Release|TwinCAT RT (x64).Build.0 = Release|TwinCAT RT (x64)
		{95533C61-2616-46BE-92F7-38CC80CE9359}.Release|TwinCAT RT (x86).ActiveCfg = Release|TwinCAT RT (x86)
		{95533C61-2616-46BE-92F7-38CC80CE9359}.Release|TwinCAT RT (x86).Build.0 = Release|TwinCAT RT (x86)
		{95533C61-2616-46BE-92F7-38CC80CE9359}.Release|TwinCAT UM (x64).ActiveCfg = Release|TwinCAT OS (ARMT2)
		{95533C61-2616-46BE-92F7-38CC80CE9359}.Release|TwinCAT UM (x86).ActiveCfg = Release|TwinCAT OS (ARMT2)
	EndGlobalSection
	GlobalSection(SolutionProperties) = preSolution
		HideSolutionNode = FALSE
	EndGlobalSection
EndGlobal
